<?xml version="1.0" encoding="utf-8"?>
<Project ToolsVersion="4.0" xmlns="http://schemas.microsoft.com/developer/msbuild/2003">
  <ItemGroup>
    <Filter Include="resource">
      <UniqueIdentifier>{70feed4a-dffc-47d5-924b-0cf2bb26f368}</UniqueIdentifier>
      <Extensions>rc;ico;cur;bmp;dlg;rc2;rct;bin;rgs;jpg;jpeg;jpe;png;manifest</Extensions>
    </Filter>
    <Filter Include="classes">
      <UniqueIdentifier>{20a54b61-d5ee-42e8-b7ed-40b4221ff6ed}</UniqueIdentifier>
    </Filter>
    <Filter Include="classes\ActionTest">
      <UniqueIdentifier>{2b75be30-4399-4dd4-8285-6138a10658be}</UniqueIdentifier>
    </Filter>
    <Filter Include="classes\PageturnTest">
      <UniqueIdentifier>{725f8f07-4ccb-4191-967c-e88ec1ea9c2c}</UniqueIdentifier>
    </Filter>
  </ItemGroup>
  <ItemGroup>
    <None Include="res\fgh_demos.ico">
      <Filter>resource</Filter>
    </None>
    <None Include="..\Resources\CloseSelected.png">
      <Filter>resource</Filter>
    </None>
    <None Include="..\Resources\CloseNormal.png">
      <Filter>resource</Filter>
    </None>
    <None Include="..\Resources\HelloWorld.png">
      <Filter>resource</Filter>
    </None>
    <None Include="..\Resources\background3.png">
      <Filter>resource</Filter>
    </None>
  </ItemGroup>
  <ItemGroup>
    <ResourceCompile Include="fgh_demos.rc">
      <Filter>resource</Filter>
    </ResourceCompile>
  </ItemGroup>
  <ItemGroup>
    <ClCompile Include="..\Classes\AppDelegate.cpp">
      <Filter>classes</Filter>
    </ClCompile>
    <ClCompile Include="..\Classes\controller.cpp">
      <Filter>classes</Filter>
    </ClCompile>
    <ClCompile Include="..\Classes\HelloWorldScene.cpp">
      <Filter>classes</Filter>
    </ClCompile>
    <ClCompile Include="..\Classes\testBasic.cpp">
      <Filter>classes</Filter>
    </ClCompile>
    <ClCompile Include="..\Classes\VisibleRect.cpp">
      <Filter>classes</Filter>
    </ClCompile>
    <ClCompile Include="..\Classes\ActionsTest\ActionsTest.cpp">
      <Filter>classes\ActionTest</Filter>
    </ClCompile>
    <ClCompile Include="main.cpp">
      <Filter>classes</Filter>
    </ClCompile>
    <ClCompile Include="..\Classes\PageTurnTest\PageTurnScene.cpp">
      <Filter>classes\PageturnTest</Filter>
    </ClCompile>
  </ItemGroup>
  <ItemGroup>
    <ClInclude Include="..\Classes\AppDelegate.h">
      <Filter>classes</Filter>
    </ClInclude>
    <ClInclude Include="..\Classes\controller.h">
      <Filter>classes</Filter>
    </ClInclude>
    <ClInclude Include="..\Classes\HelloWorldScene.h">
      <Filter>classes</Filter>
    </ClInclude>
    <ClInclude Include="..\Classes\testBasic.h">
      <Filter>classes</Filter>
    </ClInclude>
    <ClInclude Include="..\Classes\testResource.h">
      <Filter>classes</Filter>
    </ClInclude>
    <ClInclude Include="..\Classes\tests.h">
      <Filter>classes</Filter>
    </ClInclude>
    <ClInclude Include="..\Classes\VisibleRect.h">
      <Filter>classes</Filter>
    </ClInclude>
    <ClInclude Include="..\Classes\ActionsTest\ActionsTest.h">
      <Filter>classes\ActionTest</Filter>
    </ClInclude>
    <ClInclude Include="main.h">
      <Filter>classes</Filter>
    </ClInclude>
    <ClInclude Include="resource.h">
      <Filter>classes</Filter>
    </ClInclude>
    <ClInclude Include="..\Classes\PageTurnTest\PageTurnScene.h">
      <Filter>classes\PageturnTest</Filter>
    </ClInclude>
  </ItemGroup>
</Project>